{
  "name": "github-user-search",
  "lockfileVersion": 2,
  "requires": true,
  "packages": {
    "": {
      "dependencies": {
        "github-username-regex": "^1.0.0"
      }
    },
    "node_modules/github-username-regex": {
      "version": "1.0.0",
      "resolved": "https://registry.npmjs.org/github-username-regex/-/github-username-regex-1.0.0.tgz",
      "integrity": "sha1-FzVoQAMvkE7+jZM1HHqn4B7/Ibk="
    }
  },
  "dependencies": {
    "github-username-regex": {
      "version": "1.0.0",
      "resolved": "https://registry.npmjs.org/github-username-regex/-/github-username-regex-1.0.0.tgz",
      "integrity": "sha1-FzVoQAMvkE7+jZM1HHqn4B7/Ibk="
    }
  }
}
